
Microsoft Visual Studio Solution File, Format Version 12.00
# Visual Studio Version 17
VisualStudioVersion = 17.12.35514.174 d17.12
MinimumVisualStudioVersion = 10.0.40219.1
Project("{FAE04EC0-301F-11D3-BF4B-00C04F79EFBC}") = "How to Convert a password protected workbook to PDF in C# and .NET", "How to Convert a password protected workbook to PDF in C# and .NET.csproj", "{98572847-D685-4F0B-9F10-A5F36ACE040B}"
EndProject
Global
	GlobalSection(SolutionConfigurationPlatforms) = preSolution
		Debug|Any CPU = Debug|Any CPU
		Release|Any CPU = Release|Any CPU
	EndGlobalSection
	GlobalSection(ProjectConfigurationPlatforms) = postSolution
		{98572847-D685-4F0B-9F10-A5F36ACE040B}.Debug|Any CPU.ActiveCfg = Debug|Any CPU
		{98572847-D685-4F0B-9F10-A5F36ACE040B}.Debug|Any CPU.Build.0 = Debug|Any CPU
		{98572847-D685-4F0B-9F10-A5F36ACE040B}.Release|Any CPU.ActiveCfg = Release|Any CPU
		{98572847-D685-4F0B-9F10-A5F36ACE040B}.Release|Any CPU.Build.0 = Release|Any CPU
	EndGlobalSection
	GlobalSection(SolutionProperties) = preSolution
		HideSolutionNode = FALSE
	EndGlobalSection
EndGlobal
